{
  "name": "hono-lambda-test",
  "version": "0.0.1",
  "lockfileVersion": 3,
  "requires": true,
  "packages": {
    "": {
      "name": "hono-lambda-test",
      "version": "0.0.1",
      "license": "ISC",
      "dependencies": {
        "hono": "^4.6.3"
      }
    },
    "node_modules/hono": {
      "version": "4.6.3",
      "resolved": "https://registry.npmjs.org/hono/-/hono-4.6.3.tgz",
      "integrity": "sha512-0LeEuBNFeSHGqZ9sNVVgZjB1V5fmhkBSB0hZrpqStSMLOWgfLy0dHOvrjbJh0H2khsjet6rbHfWTHY0kpYThKQ==",
      "license": "MIT",
      "engines": {
        "node": ">=16.9.0"
      }
    }
  }
}
